
Microsoft Visual Studio Solution File, Format Version 12.00
# Visual Studio 15
VisualStudioVersion = 15.0.28307.136
MinimumVisualStudioVersion = 10.0.40219.1
Project("{8BC9CEB8-8B4A-11D0-8D11-00A0C91BC942}") = "GEngine", "GEngine\GEngine.vcxproj", "{8BC60722-08A1-4A78-AE5C-BC374F97837B}"
EndProject
Project("{8BC9CEB8-8B4A-11D0-8D11-00A0C91BC942}") = "GDX12Renderer", "GDxRenderer\GDxRenderer.vcxproj", "{42E936DF-58F6-454C-98AA-43348B4A2ABF}"
EndProject
Project("{8BC9CEB8-8B4A-11D0-8D11-00A0C91BC942}") = "GEngineDll", "GEngineDll\GEngineDll.vcxproj", "{8D3E740C-1545-4FD7-84B8-ADD55ACA43A0}"
EndProject
Project("{FAE04EC0-301F-11D3-BF4B-00C04F79EFBC}") = "GEditor", "GEditor\GEditor.csproj", "{7719FDD9-852B-4E89-AF57-CA2E288FE47B}"
EndProject
Project("{FAE04EC0-301F-11D3-BF4B-00C04F79EFBC}") = "GWinformLib", "GWinformLib\GWinformLib.csproj", "{2E4F728C-316D-4DC9-83E5-C6D2F85D28AA}"
	ProjectSection(ProjectDependencies) = postProject
		{8D3E740C-1545-4FD7-84B8-ADD55ACA43A0} = {8D3E740C-1545-4FD7-84B8-ADD55ACA43A0}
	EndProjectSection
EndProject
Project("{8BC9CEB8-8B4A-11D0-8D11-00A0C91BC942}") = "GRendererInfra", "GRendererInfra\GRendererInfra.vcxproj", "{6BD40A51-33E2-4661-BBFE-5FDD0930BE1B}"
EndProject
Global
	GlobalSection(SolutionConfigurationPlatforms) = preSolution
		Debug|Any CPU = Debug|Any CPU
		Debug|ARM = Debug|ARM
		Debug|ARM64 = Debug|ARM64
		Debug|x64 = Debug|x64
		Debug|x86 = Debug|x86
		Release|Any CPU = Release|Any CPU
		Release|ARM = Release|ARM
		Release|ARM64 = Release|ARM64
		Release|x64 = Release|x64
		Release|x86 = Release|x86
	EndGlobalSection
	GlobalSection(ProjectConfigurationPlatforms) = postSolution
		{8BC60722-08A1-4A78-AE5C-BC374F97837B}.Debug|Any CPU.ActiveCfg = Debug|Win32
		{8BC60722-08A1-4A78-AE5C-BC374F97837B}.Debug|Any CPU.Build.0 = Debug|Win32
		{8BC60722-08A1-4A78-AE5C-BC374F97837B}.Debug|ARM.ActiveCfg = Debug|Win32
		{8BC60722-08A1-4A78-AE5C-BC374F97837B}.Debug|ARM64.ActiveCfg = Debug|Win32
		{8BC60722-08A1-4A78-AE5C-BC374F97837B}.Debug|x64.ActiveCfg = Debug|x64
		{8BC60722-08A1-4A78-AE5C-BC374F97837B}.Debug|x64.Build.0 = Debug|x64
		{8BC60722-08A1-4A78-AE5C-BC374F97837B}.Debug|x86.ActiveCfg = Debug|Win32
		{8BC60722-08A1-4A78-AE5C-BC374F97837B}.Debug|x86.Build.0 = Debug|Win32
		{8BC60722-08A1-4A78-AE5C-BC374F97837B}.Release|Any CPU.ActiveCfg = Release|Win32
		{8BC60722-08A1-4A78-AE5C-BC374F97837B}.Release|ARM.ActiveCfg = Release|Win32
		{8BC60722-08A1-4A78-AE5C-BC374F97837B}.Release|ARM64.ActiveCfg = Release|Win32
		{8BC60722-08A1-4A78-AE5C-BC374F97837B}.Release|x64.ActiveCfg = Release|x64
		{8BC60722-08A1-4A78-AE5C-BC374F97837B}.Release|x64.Build.0 = Release|x64
		{8BC60722-08A1-4A78-AE5C-BC374F97837B}.Release|x86.ActiveCfg = Release|Win32
		{8BC60722-08A1-4A78-AE5C-BC374F97837B}.Release|x86.Build.0 = Release|Win32
		{42E936DF-58F6-454C-98AA-43348B4A2ABF}.Debug|Any CPU.ActiveCfg = Debug|Win32
		{42E936DF-58F6-454C-98AA-43348B4A2ABF}.Debug|Any CPU.Build.0 = Debug|Win32
		{42E936DF-58F6-454C-98AA-43348B4A2ABF}.Debug|ARM.ActiveCfg = Debug|Win32
		{42E936DF-58F6-454C-98AA-43348B4A2ABF}.Debug|ARM64.ActiveCfg = Debug|Win32
		{42E936DF-58F6-454C-98AA-43348B4A2ABF}.Debug|x64.ActiveCfg = Debug|x64
		{42E936DF-58F6-454C-98AA-43348B4A2ABF}.Debug|x64.Build.0 = Debug|x64
		{42E936DF-58F6-454C-98AA-43348B4A2ABF}.Debug|x86.ActiveCfg = Debug|Win32
		{42E936DF-58F6-454C-98AA-43348B4A2ABF}.Debug|x86.Build.0 = Debug|Win32
		{42E936DF-58F6-454C-98AA-43348B4A2ABF}.Release|Any CPU.ActiveCfg = Release|Win32
		{42E936DF-58F6-454C-98AA-43348B4A2ABF}.Release|ARM.ActiveCfg = Release|Win32
		{42E936DF-58F6-454C-98AA-43348B4A2ABF}.Release|ARM64.ActiveCfg = Release|Win32
		{42E936DF-58F6-454C-98AA-43348B4A2ABF}.Release|x64.ActiveCfg = Release|x64
		{42E936DF-58F6-454C-98AA-43348B4A2ABF}.Release|x64.Build.0 = Release|x64
		{42E936DF-58F6-454C-98AA-43348B4A2ABF}.Release|x86.ActiveCfg = Release|Win32
		{42E936DF-58F6-454C-98AA-43348B4A2ABF}.Release|x86.Build.0 = Release|Win32
		{8D3E740C-1545-4FD7-84B8-ADD55ACA43A0}.Debug|Any CPU.ActiveCfg = Debug|Win32
		{8D3E740C-1545-4FD7-84B8-ADD55ACA43A0}.Debug|Any CPU.Build.0 = Debug|Win32
		{8D3E740C-1545-4FD7-84B8-ADD55ACA43A0}.Debug|ARM.ActiveCfg = Debug|Win32
		{8D3E740C-1545-4FD7-84B8-ADD55ACA43A0}.Debug|ARM64.ActiveCfg = Debug|Win32
		{8D3E740C-1545-4FD7-84B8-ADD55ACA43A0}.Debug|x64.ActiveCfg = Debug|x64
		{8D3E740C-1545-4FD7-84B8-ADD55ACA43A0}.Debug|x64.Build.0 = Debug|x64
		{8D3E740C-1545-4FD7-84B8-ADD55ACA43A0}.Debug|x86.ActiveCfg = Debug|Win32
		{8D3E740C-1545-4FD7-84B8-ADD55ACA43A0}.Debug|x86.Build.0 = Debug|Win32
		{8D3E740C-1545-4FD7-84B8-ADD55ACA43A0}.Release|Any CPU.ActiveCfg = Release|Win32
		{8D3E740C-1545-4FD7-84B8-ADD55ACA43A0}.Release|ARM.ActiveCfg = Release|Win32
		{8D3E740C-1545-4FD7-84B8-ADD55ACA43A0}.Release|ARM64.ActiveCfg = Release|Win32
		{8D3E740C-1545-4FD7-84B8-ADD55ACA43A0}.Release|x64.ActiveCfg = Release|x64
		{8D3E740C-1545-4FD7-84B8-ADD55ACA43A0}.Release|x64.Build.0 = Release|x64
		{8D3E740C-1545-4FD7-84B8-ADD55ACA43A0}.Release|x86.ActiveCfg = Release|Win32
		{8D3E740C-1545-4FD7-84B8-ADD55ACA43A0}.Release|x86.Build.0 = Release|Win32
		{7719FDD9-852B-4E89-AF57-CA2E288FE47B}.Debug|Any CPU.ActiveCfg = Debug|Any CPU
		{7719FDD9-852B-4E89-AF57-CA2E288FE47B}.Debug|Any CPU.Build.0 = Debug|Any CPU
		{7719FDD9-852B-4E89-AF57-CA2E288FE47B}.Debug|ARM.ActiveCfg = Debug|Any CPU
		{7719FDD9-852B-4E89-AF57-CA2E288FE47B}.Debug|ARM.Build.0 = Debug|Any CPU
		{7719FDD9-852B-4E89-AF57-CA2E288FE47B}.Debug|ARM64.ActiveCfg = Debug|Any CPU
		{7719FDD9-852B-4E89-AF57-CA2E288FE47B}.Debug|ARM64.Build.0 = Debug|Any CPU
		{7719FDD9-852B-4E89-AF57-CA2E288FE47B}.Debug|x64.ActiveCfg = Debug|Any CPU
		{7719FDD9-852B-4E89-AF57-CA2E288FE47B}.Debug|x64.Build.0 = Debug|Any CPU
		{7719FDD9-852B-4E89-AF57-CA2E288FE47B}.Debug|x86.ActiveCfg = Debug|Any CPU
		{7719FDD9-852B-4E89-AF57-CA2E288FE47B}.Debug|x86.Build.0 = Debug|Any CPU
		{7719FDD9-852B-4E89-AF57-CA2E288FE47B}.Release|Any CPU.ActiveCfg = Release|Any CPU
		{7719FDD9-852B-4E89-AF57-CA2E288FE47B}.Release|Any CPU.Build.0 = Release|Any CPU
		{7719FDD9-852B-4E89-AF57-CA2E288FE47B}.Release|ARM.ActiveCfg = Release|Any CPU
		{7719FDD9-852B-4E89-AF57-CA2E288FE47B}.Release|ARM.Build.0 = Release|Any CPU
		{7719FDD9-852B-4E89-AF57-CA2E288FE47B}.Release|ARM64.ActiveCfg = Release|Any CPU
		{7719FDD9-852B-4E89-AF57-CA2E288FE47B}.Release|ARM64.Build.0 = Release|Any CPU
		{7719FDD9-852B-4E89-AF57-CA2E288FE47B}.Release|x64.ActiveCfg = Release|Any CPU
		{7719FDD9-852B-4E89-AF57-CA2E288FE47B}.Release|x64.Build.0 = Release|Any CPU
		{7719FDD9-852B-4E89-AF57-CA2E288FE47B}.Release|x86.ActiveCfg = Release|Any CPU
		{7719FDD9-852B-4E89-AF57-CA2E288FE47B}.Release|x86.Build.0 = Release|Any CPU
		{2E4F728C-316D-4DC9-83E5-C6D2F85D28AA}.Debug|Any CPU.ActiveCfg = Debug|Any CPU
		{2E4F728C-316D-4DC9-83E5-C6D2F85D28AA}.Debug|Any CPU.Build.0 = Debug|Any CPU
		{2E4F728C-316D-4DC9-83E5-C6D2F85D28AA}.Debug|ARM.ActiveCfg = Debug|Any CPU
		{2E4F728C-316D-4DC9-83E5-C6D2F85D28AA}.Debug|ARM.Build.0 = Debug|Any CPU
		{2E4F728C-316D-4DC9-83E5-C6D2F85D28AA}.Debug|ARM64.ActiveCfg = Debug|Any CPU
		{2E4F728C-316D-4DC9-83E5-C6D2F85D28AA}.Debug|ARM64.Build.0 = Debug|Any CPU
		{2E4F728C-316D-4DC9-83E5-C6D2F85D28AA}.Debug|x64.ActiveCfg = Debug|Any CPU
		{2E4F728C-316D-4DC9-83E5-C6D2F85D28AA}.Debug|x64.Build.0 = Debug|Any CPU
		{2E4F728C-316D-4DC9-83E5-C6D2F85D28AA}.Debug|x86.ActiveCfg = Debug|Any CPU
		{2E4F728C-316D-4DC9-83E5-C6D2F85D28AA}.Debug|x86.Build.0 = Debug|Any CPU
		{2E4F728C-316D-4DC9-83E5-C6D2F85D28AA}.Release|Any CPU.ActiveCfg = Release|Any CPU
		{2E4F728C-316D-4DC9-83E5-C6D2F85D28AA}.Release|Any CPU.Build.0 = Release|Any CPU
		{2E4F728C-316D-4DC9-83E5-C6D2F85D28AA}.Release|ARM.ActiveCfg = Release|Any CPU
		{2E4F728C-316D-4DC9-83E5-C6D2F85D28AA}.Release|ARM.Build.0 = Release|Any CPU
		{2E4F728C-316D-4DC9-83E5-C6D2F85D28AA}.Release|ARM64.ActiveCfg = Release|Any CPU
		{2E4F728C-316D-4DC9-83E5-C6D2F85D28AA}.Release|ARM64.Build.0 = Release|Any CPU
		{2E4F728C-316D-4DC9-83E5-C6D2F85D28AA}.Release|x64.ActiveCfg = Release|Any CPU
		{2E4F728C-316D-4DC9-83E5-C6D2F85D28AA}.Release|x64.Build.0 = Release|Any CPU
		{2E4F728C-316D-4DC9-83E5-C6D2F85D28AA}.Release|x86.ActiveCfg = Release|Any CPU
		{2E4F728C-316D-4DC9-83E5-C6D2F85D28AA}.Release|x86.Build.0 = Release|Any CPU
		{6BD40A51-33E2-4661-BBFE-5FDD0930BE1B}.Debug|Any CPU.ActiveCfg = Debug|Win32
		{6BD40A51-33E2-4661-BBFE-5FDD0930BE1B}.Debug|ARM.ActiveCfg = Debug|Win32
		{6BD40A51-33E2-4661-BBFE-5FDD0930BE1B}.Debug|ARM64.ActiveCfg = Debug|Win32
		{6BD40A51-33E2-4661-BBFE-5FDD0930BE1B}.Debug|x64.ActiveCfg = Debug|x64
		{6BD40A51-33E2-4661-BBFE-5FDD0930BE1B}.Debug|x64.Build.0 = Debug|x64
		{6BD40A51-33E2-4661-BBFE-5FDD0930BE1B}.Debug|x86.ActiveCfg = Debug|Win32
		{6BD40A51-33E2-4661-BBFE-5FDD0930BE1B}.Debug|x86.Build.0 = Debug|Win32
		{6BD40A51-33E2-4661-BBFE-5FDD0930BE1B}.Release|Any CPU.ActiveCfg = Release|Win32
		{6BD40A51-33E2-4661-BBFE-5FDD0930BE1B}.Release|ARM.ActiveCfg = Release|Win32
		{6BD40A51-33E2-4661-BBFE-5FDD0930BE1B}.Release|ARM64.ActiveCfg = Release|Win32
		{6BD40A51-33E2-4661-BBFE-5FDD0930BE1B}.Release|x64.ActiveCfg = Release|x64
		{6BD40A51-33E2-4661-BBFE-5FDD0930BE1B}.Release|x64.Build.0 = Release|x64
		{6BD40A51-33E2-4661-BBFE-5FDD0930BE1B}.Release|x86.ActiveCfg = Release|Win32
		{6BD40A51-33E2-4661-BBFE-5FDD0930BE1B}.Release|x86.Build.0 = Release|Win32
	EndGlobalSection
	GlobalSection(SolutionProperties) = preSolution
		HideSolutionNode = FALSE
	EndGlobalSection
	GlobalSection(ExtensibilityGlobals) = postSolution
		SolutionGuid = {197D200D-C746-45EB-9F06-DA7AB2D3BE9C}
	EndGlobalSection
EndGlobal
