<?xml version="1.0" encoding="utf-8"?>
<Project ToolsVersion="4.0" xmlns="http://schemas.microsoft.com/developer/msbuild/2003">
  <ItemGroup>
    <Filter Include="Source Files">
      <UniqueIdentifier>{4FC737F1-C7A5-4376-A066-2A32D752A2FF}</UniqueIdentifier>
      <Extensions>cpp;c;cc;cxx;def;odl;idl;hpj;bat;asm;asmx</Extensions>
    </Filter>
    <Filter Include="Header Files">
      <UniqueIdentifier>{93995380-89BD-4b04-88EB-625FBE52EBFB}</UniqueIdentifier>
      <Extensions>h;hh;hpp;hxx;hm;inl;inc;ipp;xsd</Extensions>
    </Filter>
    <Filter Include="Resource Files">
      <UniqueIdentifier>{67DA6AB6-F800-4c08-8B7A-83BB121AAD01}</UniqueIdentifier>
      <Extensions>rc;ico;cur;bmp;dlg;rc2;rct;bin;rgs;gif;jpg;jpeg;jpe;resx;tiff;tif;png;wav;mfcribbon-ms</Extensions>
    </Filter>
  </ItemGroup>
  <ItemGroup>
    <ClInclude Include="stdafx.h">
      <Filter>Header Files</Filter>
    </ClInclude>
    <ClInclude Include="targetver.h">
      <Filter>Header Files</Filter>
    </ClInclude>
    <ClInclude Include="Common\d3dx12.h">
      <Filter>Header Files</Filter>
    </ClInclude>
    <ClInclude Include="Common\MathHelper.h">
      <Filter>Header Files</Filter>
    </ClInclude>
    <ClInclude Include="Common\UploadBuffer.h">
      <Filter>Header Files</Filter>
    </ClInclude>
    <ClInclude Include="Common\DDSTextureLoader.h">
      <Filter>Header Files</Filter>
    </ClInclude>
    <ClInclude Include="Common\ShadowMap.h">
      <Filter>Header Files</Filter>
    </ClInclude>
    <ClInclude Include="Common\FrameResource.h">
      <Filter>Header Files</Filter>
    </ClInclude>
    <ClInclude Include="Common\Ssao.h">
      <Filter>Header Files</Filter>
    </ClInclude>
    <ClInclude Include="Common\GLight.h">
      <Filter>Header Files</Filter>
    </ClInclude>
    <ClInclude Include="Common\GShaderManager.h">
      <Filter>Header Files</Filter>
    </ClInclude>
    <ClInclude Include="Common\GInputLayout.h">
      <Filter>Header Files</Filter>
    </ClInclude>
    <ClInclude Include="Common\GDX12Util.h">
      <Filter>Header Files</Filter>
    </ClInclude>
    <ClInclude Include="Common\GEngineInclude.h">
      <Filter>Header Files</Filter>
    </ClInclude>
    <ClInclude Include="Common\GCamera.h">
      <Filter>Header Files</Filter>
    </ClInclude>
    <ClInclude Include="Common\GRtvHeap.h">
      <Filter>Header Files</Filter>
    </ClInclude>
    <ClInclude Include="Common\GRtv.h">
      <Filter>Header Files</Filter>
    </ClInclude>
    <ClInclude Include="Common\GDescriptorHeap.h">
      <Filter>Header Files</Filter>
    </ClInclude>
    <ClInclude Include="Common\GSpotlight.h">
      <Filter>Header Files</Filter>
    </ClInclude>
    <ClInclude Include="Common\GDirectionalLight.h">
      <Filter>Header Files</Filter>
    </ClInclude>
    <ClInclude Include="Common\GPointLight.h">
      <Filter>Header Files</Filter>
    </ClInclude>
    <ClInclude Include="Common\GCubeRtv.h">
      <Filter>Header Files</Filter>
    </ClInclude>
    <ClInclude Include="Common\GStaticVIBuffer.h">
      <Filter>Header Files</Filter>
    </ClInclude>
    <ClInclude Include="Common\GVertexIndexBuffer.h">
      <Filter>Header Files</Filter>
    </ClInclude>
    <ClInclude Include="Common\GSceneObject.h">
      <Filter>Header Files</Filter>
    </ClInclude>
    <ClInclude Include="Public\GDxTexture.h">
      <Filter>Header Files</Filter>
    </ClInclude>
    <ClInclude Include="Public\GDxTextureLoader.h">
      <Filter>Header Files</Filter>
    </ClInclude>
    <ClInclude Include="GDxInclude.h">
      <Filter>Header Files</Filter>
    </ClInclude>
    <ClInclude Include="Public\GDxPreInclude.h">
      <Filter>Header Files</Filter>
    </ClInclude>
    <ClInclude Include="Public\GDxRendererFactory.h">
      <Filter>Header Files</Filter>
    </ClInclude>
    <ClInclude Include="Public\GDxRenderer.h">
      <Filter>Header Files</Filter>
    </ClInclude>
    <ClInclude Include="Public\GDxFloat4x4.h">
      <Filter>Header Files</Filter>
    </ClInclude>
    <ClInclude Include="Public\GDxFloat4.h">
      <Filter>Header Files</Filter>
    </ClInclude>
    <ClInclude Include="Public\GDxMaterial.h">
      <Filter>Header Files</Filter>
    </ClInclude>
    <ClInclude Include="Public\GDxFilmboxManager.h">
      <Filter>Header Files</Filter>
    </ClInclude>
    <ClInclude Include="Public\GDxGeometryGenerator.h">
      <Filter>Header Files</Filter>
    </ClInclude>
    <ClInclude Include="Public\GDxMesh.h">
      <Filter>Header Files</Filter>
    </ClInclude>
    <ClInclude Include="Public\GDxMeshData.h">
      <Filter>Header Files</Filter>
    </ClInclude>
    <ClInclude Include="Public\GDxSceneObject.h">
      <Filter>Header Files</Filter>
    </ClInclude>
    <ClInclude Include="Public\GDxSubmesh.h">
      <Filter>Header Files</Filter>
    </ClInclude>
    <ClInclude Include="Public\GDxVertex.h">
      <Filter>Header Files</Filter>
    </ClInclude>
  </ItemGroup>
  <ItemGroup>
    <ClCompile Include="stdafx.cpp">
      <Filter>Source Files</Filter>
    </ClCompile>
    <ClCompile Include="Common\MathHelper.cpp">
      <Filter>Source Files</Filter>
    </ClCompile>
    <ClCompile Include="Common\UploadBuffer.cpp">
      <Filter>Source Files</Filter>
    </ClCompile>
    <ClCompile Include="Common\DDSTextureLoader.cpp">
      <Filter>Source Files</Filter>
    </ClCompile>
    <ClCompile Include="Common\FrameResource.cpp">
      <Filter>Source Files</Filter>
    </ClCompile>
    <ClCompile Include="Common\ShadowMap.cpp">
      <Filter>Source Files</Filter>
    </ClCompile>
    <ClCompile Include="Common\Ssao.cpp">
      <Filter>Source Files</Filter>
    </ClCompile>
    <ClCompile Include="Common\GLight.cpp">
      <Filter>Source Files</Filter>
    </ClCompile>
    <ClCompile Include="Common\GDX12Util.cpp">
      <Filter>Source Files</Filter>
    </ClCompile>
    <ClCompile Include="Common\GShaderManager.cpp">
      <Filter>Source Files</Filter>
    </ClCompile>
    <ClCompile Include="Common\GInputLayout.cpp">
      <Filter>Source Files</Filter>
    </ClCompile>
    <ClCompile Include="Common\GEngineInclude.cpp">
      <Filter>Source Files</Filter>
    </ClCompile>
    <ClCompile Include="Common\GCamera.cpp">
      <Filter>Source Files</Filter>
    </ClCompile>
    <ClCompile Include="Common\GRtvHeap.cpp">
      <Filter>Source Files</Filter>
    </ClCompile>
    <ClCompile Include="Common\GRtv.cpp">
      <Filter>Source Files</Filter>
    </ClCompile>
    <ClCompile Include="Common\GDescriptorHeap.cpp">
      <Filter>Source Files</Filter>
    </ClCompile>
    <ClCompile Include="Common\GDirectionalLight.cpp">
      <Filter>Source Files</Filter>
    </ClCompile>
    <ClCompile Include="Common\GPointLight.cpp">
      <Filter>Source Files</Filter>
    </ClCompile>
    <ClCompile Include="Common\GSpotlight.cpp">
      <Filter>Source Files</Filter>
    </ClCompile>
    <ClCompile Include="Common\GCubeRtv.cpp">
      <Filter>Source Files</Filter>
    </ClCompile>
    <ClCompile Include="Common\GStaticVIBuffer.cpp">
      <Filter>Source Files</Filter>
    </ClCompile>
    <ClCompile Include="Common\GVertexIndexBuffer.cpp">
      <Filter>Source Files</Filter>
    </ClCompile>
    <ClCompile Include="Common\GSceneObject.cpp">
      <Filter>Source Files</Filter>
    </ClCompile>
    <ClCompile Include="Private\GDxTexture.cpp">
      <Filter>Source Files</Filter>
    </ClCompile>
    <ClCompile Include="Private\GDxTextureLoader.cpp">
      <Filter>Source Files</Filter>
    </ClCompile>
    <ClCompile Include="Private\GDxRendererFactory.cpp">
      <Filter>Source Files</Filter>
    </ClCompile>
    <ClCompile Include="Private\GDxRenderer.cpp">
      <Filter>Source Files</Filter>
    </ClCompile>
    <ClCompile Include="Private\GDxFloat4.cpp">
      <Filter>Source Files</Filter>
    </ClCompile>
    <ClCompile Include="Private\GDxFloat4x4.cpp">
      <Filter>Source Files</Filter>
    </ClCompile>
    <ClCompile Include="Private\GDxMaterial.cpp">
      <Filter>Source Files</Filter>
    </ClCompile>
    <ClCompile Include="Private\GDxFilmboxManager.cpp">
      <Filter>Source Files</Filter>
    </ClCompile>
    <ClCompile Include="Private\GDxGeometryGenerator.cpp">
      <Filter>Source Files</Filter>
    </ClCompile>
    <ClCompile Include="Private\GDxMesh.cpp">
      <Filter>Source Files</Filter>
    </ClCompile>
    <ClCompile Include="Private\GDxMeshData.cpp">
      <Filter>Source Files</Filter>
    </ClCompile>
    <ClCompile Include="Private\GDxSceneObject.cpp">
      <Filter>Source Files</Filter>
    </ClCompile>
    <ClCompile Include="Private\GDxSubmesh.cpp">
      <Filter>Source Files</Filter>
    </ClCompile>
    <ClCompile Include="Private\GDxVertex.cpp">
      <Filter>Source Files</Filter>
    </ClCompile>
  </ItemGroup>
  <ItemGroup>
    <FxCompile Include="Shaders\AnimationDefaultVS.hlsl" />
    <FxCompile Include="Shaders\InstancedDefaultVS.hlsl" />
    <FxCompile Include="Shaders\DeferredPS.hlsl" />
    <FxCompile Include="Shaders\DefaultVS.hlsl" />
    <FxCompile Include="Shaders\ScreenVS.hlsl" />
    <FxCompile Include="Shaders\GBufferDebugPS.hlsl" />
    <FxCompile Include="Shaders\LightShapeVS.hlsl" />
    <FxCompile Include="Shaders\ScreenQuadVS.hlsl" />
    <FxCompile Include="Shaders\AmbientPassPS.hlsl" />
    <FxCompile Include="Shaders\LightPassLegPS.hlsl" />
    <FxCompile Include="Shaders\FullScreenVS.hlsl" />
    <FxCompile Include="Shaders\DirectLightPassPS.hlsl" />
    <FxCompile Include="Shaders\PostProcessPS.hlsl" />
    <FxCompile Include="Shaders\PrefilterCubemapPS.hlsl" />
    <FxCompile Include="Shaders\IrradianceCubemapPS.hlsl" />
    <FxCompile Include="Shaders\SkyPS.hlsl" />
    <FxCompile Include="Shaders\SkyVS.hlsl" />
  </ItemGroup>
  <ItemGroup>
    <None Include="Shaders\Lighting.hlsli" />
    <None Include="packages.config" />
    <None Include="Shaders\Material.hlsli" />
  </ItemGroup>
</Project>